# This file is generated by running "yarn install" inside your project.
# Manual changes might be lost - proceed with caution!

__metadata:
  version: 5
  cacheKey: 8

"abort-controller@npm:^3.0.0":
  version: 3.0.0
  resolution: "abort-controller@npm:3.0.0"
  dependencies:
    event-target-shim: ^5.0.0
  checksum: 170bdba9b47b7e65906a28c8ce4f38a7a369d78e2271706f020849c1bfe0ee2067d4261df8bbb66eb84f79208fd5b710df759d64191db58cfba7ce8ef9c54b75
  languageName: node
  linkType: hard

"browser-or-node@npm:^2.0.0":
  version: 2.0.0
  resolution: "browser-or-node@npm:2.0.0"
  checksum: 0a228822b59bba8d643f8672f03176acfb16a790480a558bce9148fb65a429994f44e66e176391e014f00458b32df0f0fc12447e6f6f5e0d92af229152f2cc10
  languageName: node
  linkType: hard

"data-uri-to-buffer@npm:^3.0.1":
  version: 3.0.1
  resolution: "data-uri-to-buffer@npm:3.0.1"
  checksum: c59c3009686a78c071806b72f4810856ec28222f0f4e252aa495ec027ed9732298ceea99c50328cf59b151dd34cbc3ad6150bbb43e41fc56fa19f48c99e9fc30
  languageName: node
  linkType: hard

"esbuild-android-arm64@npm:0.13.13":
  version: 0.13.13
  resolution: "esbuild-android-arm64@npm:0.13.13"
  conditions: os=android & cpu=arm64
  languageName: node
  linkType: hard

"esbuild-darwin-64@npm:0.13.13":
  version: 0.13.13
  resolution: "esbuild-darwin-64@npm:0.13.13"
  conditions: os=darwin & cpu=x64
  languageName: node
  linkType: hard

"esbuild-darwin-arm64@npm:0.13.13":
  version: 0.13.13
  resolution: "esbuild-darwin-arm64@npm:0.13.13"
  conditions: os=darwin & cpu=arm64
  languageName: node
  linkType: hard

"esbuild-freebsd-64@npm:0.13.13":
  version: 0.13.13
  resolution: "esbuild-freebsd-64@npm:0.13.13"
  conditions: os=freebsd & cpu=x64
  languageName: node
  linkType: hard

"esbuild-freebsd-arm64@npm:0.13.13":
  version: 0.13.13
  resolution: "esbuild-freebsd-arm64@npm:0.13.13"
  conditions: os=freebsd & cpu=arm64
  languageName: node
  linkType: hard

"esbuild-linux-32@npm:0.13.13":
  version: 0.13.13
  resolution: "esbuild-linux-32@npm:0.13.13"
  conditions: os=linux & cpu=ia32
  languageName: node
  linkType: hard

"esbuild-linux-64@npm:0.13.13":
  version: 0.13.13
  resolution: "esbuild-linux-64@npm:0.13.13"
  conditions: os=linux & cpu=x64
  languageName: node
  linkType: hard

"esbuild-linux-arm64@npm:0.13.13":
  version: 0.13.13
  resolution: "esbuild-linux-arm64@npm:0.13.13"
  conditions: os=linux & cpu=arm64
  languageName: node
  linkType: hard

"esbuild-linux-arm@npm:0.13.13":
  version: 0.13.13
  resolution: "esbuild-linux-arm@npm:0.13.13"
  conditions: os=linux & cpu=arm
  languageName: node
  linkType: hard

"esbuild-linux-mips64le@npm:0.13.13":
  version: 0.13.13
  resolution: "esbuild-linux-mips64le@npm:0.13.13"
  conditions: os=linux & cpu=mips64el
  languageName: node
  linkType: hard

"esbuild-linux-ppc64le@npm:0.13.13":
  version: 0.13.13
  resolution: "esbuild-linux-ppc64le@npm:0.13.13"
  conditions: os=linux & cpu=ppc64
  languageName: node
  linkType: hard

"esbuild-netbsd-64@npm:0.13.13":
  version: 0.13.13
  resolution: "esbuild-netbsd-64@npm:0.13.13"
  conditions: os=netbsd & cpu=x64
  languageName: node
  linkType: hard

"esbuild-openbsd-64@npm:0.13.13":
  version: 0.13.13
  resolution: "esbuild-openbsd-64@npm:0.13.13"
  conditions: os=openbsd & cpu=x64
  languageName: node
  linkType: hard

"esbuild-plugin-globals@npm:^0.1.1":
  version: 0.1.1
  resolution: "esbuild-plugin-globals@npm:0.1.1"
  checksum: 07460a455174e280829e172096b70422a945bcaba0efbe2e71a88ccdcc194e0251c7a7cdc27fd5dda3420777dc6f7ee6312e1e3167af2627a67a39be7d7c373d
  languageName: node
  linkType: hard

"esbuild-sunos-64@npm:0.13.13":
  version: 0.13.13
  resolution: "esbuild-sunos-64@npm:0.13.13"
  conditions: os=sunos & cpu=x64
  languageName: node
  linkType: hard

"esbuild-windows-32@npm:0.13.13":
  version: 0.13.13
  resolution: "esbuild-windows-32@npm:0.13.13"
  conditions: os=win32 & cpu=ia32
  languageName: node
  linkType: hard

"esbuild-windows-64@npm:0.13.13":
  version: 0.13.13
  resolution: "esbuild-windows-64@npm:0.13.13"
  conditions: os=win32 & cpu=x64
  languageName: node
  linkType: hard

"esbuild-windows-arm64@npm:0.13.13":
  version: 0.13.13
  resolution: "esbuild-windows-arm64@npm:0.13.13"
  conditions: os=win32 & cpu=arm64
  languageName: node
  linkType: hard

"esbuild@npm:^0.13.12":
  version: 0.13.13
  resolution: "esbuild@npm:0.13.13"
  dependencies:
    esbuild-android-arm64: 0.13.13
    esbuild-darwin-64: 0.13.13
    esbuild-darwin-arm64: 0.13.13
    esbuild-freebsd-64: 0.13.13
    esbuild-freebsd-arm64: 0.13.13
    esbuild-linux-32: 0.13.13
    esbuild-linux-64: 0.13.13
    esbuild-linux-arm: 0.13.13
    esbuild-linux-arm64: 0.13.13
    esbuild-linux-mips64le: 0.13.13
    esbuild-linux-ppc64le: 0.13.13
    esbuild-netbsd-64: 0.13.13
    esbuild-openbsd-64: 0.13.13
    esbuild-sunos-64: 0.13.13
    esbuild-windows-32: 0.13.13
    esbuild-windows-64: 0.13.13
    esbuild-windows-arm64: 0.13.13
  dependenciesMeta:
    esbuild-android-arm64:
      optional: true
    esbuild-darwin-64:
      optional: true
    esbuild-darwin-arm64:
      optional: true
    esbuild-freebsd-64:
      optional: true
    esbuild-freebsd-arm64:
      optional: true
    esbuild-linux-32:
      optional: true
    esbuild-linux-64:
      optional: true
    esbuild-linux-arm:
      optional: true
    esbuild-linux-arm64:
      optional: true
    esbuild-linux-mips64le:
      optional: true
    esbuild-linux-ppc64le:
      optional: true
    esbuild-netbsd-64:
      optional: true
    esbuild-openbsd-64:
      optional: true
    esbuild-sunos-64:
      optional: true
    esbuild-windows-32:
      optional: true
    esbuild-windows-64:
      optional: true
    esbuild-windows-arm64:
      optional: true
  bin:
    esbuild: bin/esbuild
  checksum: 403ffcf8dbb2c2961e216b4b275e810173da705394958b05da15bbc5b42f3e33a13a661ee39de88caa9af5f4c79a9f883e82b19c3ef387992a7e3a9aedf30870
  languageName: node
  linkType: hard

"event-target-shim@npm:^5.0.0":
  version: 5.0.1
  resolution: "event-target-shim@npm:5.0.1"
  checksum: 1ffe3bb22a6d51bdeb6bf6f7cf97d2ff4a74b017ad12284cc9e6a279e727dc30a5de6bb613e5596ff4dc3e517841339ad09a7eec44266eccb1aa201a30448166
  languageName: node
  linkType: hard

"eventemitter3@npm:^4.0.7":
  version: 4.0.7
  resolution: "eventemitter3@npm:4.0.7"
  checksum: 1875311c42fcfe9c707b2712c32664a245629b42bb0a5a84439762dd0fd637fc54d078155ea83c2af9e0323c9ac13687e03cfba79b03af9f40c89b4960099374
  languageName: node
  linkType: hard

"fetch-blob@npm:^2.1.1":
  version: 2.1.2
  resolution: "fetch-blob@npm:2.1.2"
  peerDependenciesMeta:
    domexception:
      optional: true
  checksum: 22d4487ce78ea4e52b432b0057d8d42922d5d93c0374b0bc2692cebdcb11bf8fac4f6d141b31f1633db1e9212effd38385adbd765a2c7412a621307058499214
  languageName: node
  linkType: hard

"ky-universal@npm:^0.9.1":
  version: 0.9.1
  resolution: "ky-universal@npm:0.9.1"
  dependencies:
    abort-controller: ^3.0.0
    node-fetch: 3.0.0-beta.9
  peerDependencies:
    ky: ">=0.26.0"
    web-streams-polyfill: ">=3.0.1"
  peerDependenciesMeta:
    web-streams-polyfill:
      optional: true
  checksum: 05f3cab617cc34e8fe93b188fbf71d2c710cccacfb8490a19c9dd4ae89655b389d3b1967a9d4cccdf8777055b03ef1323752fa625380eae3dbd169cd19c8f137
  languageName: node
  linkType: hard

"ky@npm:^0.28.7":
  version: 0.28.7
  resolution: "ky@npm:0.28.7"
  checksum: ff38c9c5a5b9c0354b9db167662cdb1fc48c91803a580807a1d18a1fccc024953cba3708e7bcbd9c7a27670c68631d4806e2c5a169ebc586e573a7c5802a6086
  languageName: node
  linkType: hard

"nanopay-sdk@workspace:.":
  version: 0.0.0-use.local
  resolution: "nanopay-sdk@workspace:."
  dependencies:
    browser-or-node: ^2.0.0
    esbuild: ^0.13.12
    esbuild-plugin-globals: ^0.1.1
    eventemitter3: ^4.0.7
    ky: ^0.28.7
    ky-universal: ^0.9.1
    ts-deepmerge: ^2.0.0
  peerDependencies:
    bsv: ^2.0.10
  languageName: unknown
  linkType: soft

"node-fetch@npm:3.0.0-beta.9":
  version: 3.0.0-beta.9
  resolution: "node-fetch@npm:3.0.0-beta.9"
  dependencies:
    data-uri-to-buffer: ^3.0.1
    fetch-blob: ^2.1.1
  checksum: 586af0910649cb62f1c044ddac41e71c0b0f48133fba406ad5e0fab51baff18f22cd187ea65ef690ceed7386a71910e904348105dc8eae55f907fa94df7e76ca
  languageName: node
  linkType: hard

"ts-deepmerge@npm:^2.0.0":
  version: 2.0.0
  resolution: "ts-deepmerge@npm:2.0.0"
  checksum: 73591d57f6e6f3769e8b4c3d444607dbc9055a551d7922f8e13f5106aa8c15efc5768a700b89fd9f723962eee45c70d97ab48ef0f97cac10a330b054ed5740ec
  languageName: node
  linkType: hard
